# This file is generated by running "yarn install" inside your project.
# Manual changes might be lost - proceed with caution!

__metadata:
  version: 6
  cacheKey: 8

"root-workspace-0b6124@workspace:.":
  version: 0.0.0-use.local
  resolution: "root-workspace-0b6124@workspace:."
  dependencies:
    source-map-url: ^0.4.1
  languageName: unknown
  linkType: soft

"source-map-url@npm:^0.4.1":
  version: 0.4.1
  resolution: "source-map-url@npm:0.4.1"
  checksum: 64c5c2c77aff815a6e61a4120c309ae4cac01298d9bcbb3deb1b46a4dd4c46d4a1eaeda79ec9f684766ae80e8dc86367b89326ce9dd2b89947bd9291fc1ac08c
  languageName: node
  linkType: hard
